{
  "name": "stylelint-config-bc-default",
  "version": "1.0.2",
  "lockfileVersion": 1,
  "requires": true,
  "dependencies": {
    "dot-prop": {
      "version": "4.2.0",
      "resolved": "https://registry.npmjs.org/dot-prop/-/dot-prop-4.2.0.tgz",
      "integrity": "sha512-tUMXrxlExSW6U2EXiiKGSBVdYgtV8qlHL+C10TsW4PURY/ic+eaysnSkwB4kA/mBlCyy/IKDJ+Lc3wbWeaXtuQ==",
      "requires": {
        "is-obj": "1.0.1"
      }
    },
    "indexes-of": {
      "version": "1.0.1",
      "resolved": "https://registry.npmjs.org/indexes-of/-/indexes-of-1.0.1.tgz",
      "integrity": "sha1-8w9xbI4r00bHtn0985FVZqfAVgc="
    },
    "is-obj": {
      "version": "1.0.1",
      "resolved": "https://registry.npmjs.org/is-obj/-/is-obj-1.0.1.tgz",
      "integrity": "sha1-PkcprB9f3gJc19g6iW2rn09n2w8="
    },
    "lodash": {
      "version": "4.17.4",
      "resolved": "https://registry.npmjs.org/lodash/-/lodash-4.17.4.tgz",
      "integrity": "sha1-eCA6TRwyiuHYbcpkYONptX9AVa4="
    },
    "postcss-media-query-parser": {
      "version": "0.2.3",
      "resolved": "https://registry.npmjs.org/postcss-media-query-parser/-/postcss-media-query-parser-0.2.3.tgz",
      "integrity": "sha1-J7Ocb02U+Bsac7j3Y1HGCeXO8kQ="
    },
    "postcss-resolve-nested-selector": {
      "version": "0.1.1",
      "resolved": "https://registry.npmjs.org/postcss-resolve-nested-selector/-/postcss-resolve-nested-selector-0.1.1.tgz",
      "integrity": "sha1-Kcy8fDfe36wwTp//C/FZaz9qDk4="
    },
    "postcss-value-parser": {
      "version": "3.3.0",
      "resolved": "https://registry.npmjs.org/postcss-value-parser/-/postcss-value-parser-3.3.0.tgz",
      "integrity": "sha1-h/OPnxj3dKSrTIojL1xc6IcqnRU="
    },
    "stylelint-config-recommended": {
      "version": "1.0.0",
      "resolved": "https://registry.npmjs.org/stylelint-config-recommended/-/stylelint-config-recommended-1.0.0.tgz",
      "integrity": "sha512-wp50rY5A6MWndIIkKNNzJv/S58lTvqQEriS7CXTBN1SwtoY/YjHhCLIOkjundLnUWMvJJska6GnciLbs76UQrA=="
    },
    "stylelint-scss": {
      "version": "2.5.0",
      "resolved": "https://registry.npmjs.org/stylelint-scss/-/stylelint-scss-2.5.0.tgz",
      "integrity": "sha512-+joZpza5nQxAyGwzRMancFEl0EH9+1Vy88YzBghRMS0wHulzDPE9fEkBi6ZOlz+I3tYIBI4x9NbqO5/LkbeE3Q==",
      "requires": {
        "lodash": "4.17.4",
        "postcss-media-query-parser": "0.2.3",
        "postcss-resolve-nested-selector": "0.1.1",
        "postcss-selector-parser": "3.1.1",
        "postcss-value-parser": "3.3.0"
      },
      "dependencies": {
        "postcss-selector-parser": {
          "version": "3.1.1",
          "resolved": "https://registry.npmjs.org/postcss-selector-parser/-/postcss-selector-parser-3.1.1.tgz",
          "integrity": "sha1-T4dfSvsMllc9XPTXQBGu4lCn6GU=",
          "requires": {
            "dot-prop": "4.2.0",
            "indexes-of": "1.0.1",
            "uniq": "1.0.1"
          }
        }
      }
    },
    "uniq": {
      "version": "1.0.1",
      "resolved": "https://registry.npmjs.org/uniq/-/uniq-1.0.1.tgz",
      "integrity": "sha1-sxxa6CVIRKOoKBVBzisEuGWnNP8="
    }
  }
}
